# THIS IS AN AUTOGENERATED FILE. DO NOT EDIT THIS FILE DIRECTLY.
# yarn lockfile v1


async@^2.1.4:
  version "2.5.0"
  resolved "https://registry.yarnpkg.com/async/-/async-2.5.0.tgz#843190fd6b7357a0b9e1c956edddd5ec8462b54d"
  dependencies:
    lodash "^4.14.0"

iconv-lite@^0.4.13:
  version "0.4.18"
  resolved "https://registry.yarnpkg.com/iconv-lite/-/iconv-lite-0.4.18.tgz#23d8656b16aae6742ac29732ea8f0336a4789cf2"

lodash@^4.14.0:
  version "4.17.4"
  resolved "https://registry.yarnpkg.com/lodash/-/lodash-4.17.4.tgz#78203a4d1c328ae1d86dca6460e369b57f4055ae"

robots-parser@^1.0.0:
  version "1.0.1"
  resolved "https://registry.yarnpkg.com/robots-parser/-/robots-parser-1.0.1.tgz#79e32e3e5cb4066de501404207a8eb1232970020"

simplecrawler@^1.1.5:
  version "1.1.5"
  resolved "https://registry.yarnpkg.com/simplecrawler/-/simplecrawler-1.1.5.tgz#a224efcc62a5f4777fdb091317bcb3873c84ca45"
  dependencies:
    async "^2.1.4"
    iconv-lite "^0.4.13"
    robots-parser "^1.0.0"
    urijs "^1.18.11"

urijs@^1.18.11:
  version "1.18.12"
  resolved "https://registry.yarnpkg.com/urijs/-/urijs-1.18.12.tgz#f04d91e1fabb29c16fc842f9a14ee8ddc3fda64e"
